
Microsoft Visual Studio Solution File, Format Version 12.00
# Visual Studio Version 17
VisualStudioVersion = 17.2.32516.85
MinimumVisualStudioVersion = 10.0.40219.1
Project("{FAE04EC0-301F-11D3-BF4B-00C04F79EFBC}") = "GenerateNumberFromRandomOperations", "GenerateNumberFromRandomOperations\GenerateNumberFromRandomOperations.csproj", "{B1707103-920D-4FB8-AC92-0C477DE17D5F}"
EndProject
Global
	GlobalSection(SolutionConfigurationPlatforms) = preSolution
		Debug|Any CPU = Debug|Any CPU
		Release|Any CPU = Release|Any CPU
	EndGlobalSection
	GlobalSection(ProjectConfigurationPlatforms) = postSolution
		{B1707103-920D-4FB8-AC92-0C477DE17D5F}.Debug|Any CPU.ActiveCfg = Debug|Any CPU
		{B1707103-920D-4FB8-AC92-0C477DE17D5F}.Debug|Any CPU.Build.0 = Debug|Any CPU
		{B1707103-920D-4FB8-AC92-0C477DE17D5F}.Release|Any CPU.ActiveCfg = Release|Any CPU
		{B1707103-920D-4FB8-AC92-0C477DE17D5F}.Release|Any CPU.Build.0 = Release|Any CPU
	EndGlobalSection
	GlobalSection(SolutionProperties) = preSolution
		HideSolutionNode = FALSE
	EndGlobalSection
	GlobalSection(ExtensibilityGlobals) = postSolution
		SolutionGuid = {D9F8B5EF-8EB3-4116-BFC1-81A3D17421FF}
	EndGlobalSection
EndGlobal
